# This file is autogenerated, do not edit; changes may be undone by the next 'dep ensure'.


[[projects]]
  digest = "1:52c1e3ed45e9b6c4f45aad623ceb64074d483141debff1551e8b65a16bd73759"
  name = "github.com/cbrake/influxdbhelper"
  packages = ["."]
  pruneopts = "UT"
  revision = "855509e5e4d6618345f98262f6b7f22565808d3f"
  version = "v2.1.0"

[[projects]]
  digest = "1:4ffdbf6b310da314d1d171f356012e16157ceb43869c7e43e0f3c438c0c3d5d3"
  name = "github.com/influxdata/influxdb"
  packages = [
    "client/v2",
    "models",
    "pkg/escape",
  ]
  pruneopts = "UT"
  revision = "ff383cdc0420217e3460dabe17db54f8557d95b6"
  version = "v1.7.8"

[[projects]]
  digest = "1:53bc4cd4914cd7cd52139990d5170d6dc99067ae31c56530621b18b35fc30318"
  name = "github.com/mitchellh/mapstructure"
  packages = ["."]
  pruneopts = "UT"
  revision = "3536a929edddb9a5b34bd6861dc4a9647cb459fe"
  version = "v1.1.2"

[solve-meta]
  analyzer-name = "dep"
  analyzer-version = 1
  input-imports = [
    "github.com/cbrake/influxdbhelper",
    "github.com/influxdata/influxdb/client/v2",
    "github.com/influxdata/influxdb/models",
    "github.com/mitchellh/mapstructure",
  ]
  solver-name = "gps-cdcl"
  solver-version = 1
